
Microsoft Visual Studio Solution File, Format Version 12.00
# Visual Studio 14
VisualStudioVersion = 14.0.25420.1
MinimumVisualStudioVersion = 10.0.40219.1
Project("{FAE04EC0-301F-11D3-BF4B-00C04F79EFBC}") = "PhotoSearcher", "PhotoSearcher.csproj", "{037E807C-6D8C-4E15-9D56-1E5CE516F267}"
EndProject
Project("{FAE04EC0-301F-11D3-BF4B-00C04F79EFBC}") = "PhotoSearcherTests", "..\PhotoSearcherTests\PhotoSearcherTests.csproj", "{3851C788-15D6-412E-8C81-E29A2FA06033}"
EndProject
Global
	GlobalSection(SolutionConfigurationPlatforms) = preSolution
		Debug|Any CPU = Debug|Any CPU
		Release|Any CPU = Release|Any CPU
	EndGlobalSection
	GlobalSection(ProjectConfigurationPlatforms) = postSolution
		{037E807C-6D8C-4E15-9D56-1E5CE516F267}.Debug|Any CPU.ActiveCfg = Debug|Any CPU
		{037E807C-6D8C-4E15-9D56-1E5CE516F267}.Debug|Any CPU.Build.0 = Debug|Any CPU
		{037E807C-6D8C-4E15-9D56-1E5CE516F267}.Release|Any CPU.ActiveCfg = Release|Any CPU
		{037E807C-6D8C-4E15-9D56-1E5CE516F267}.Release|Any CPU.Build.0 = Release|Any CPU
		{3851C788-15D6-412E-8C81-E29A2FA06033}.Debug|Any CPU.ActiveCfg = Debug|Any CPU
		{3851C788-15D6-412E-8C81-E29A2FA06033}.Debug|Any CPU.Build.0 = Debug|Any CPU
		{3851C788-15D6-412E-8C81-E29A2FA06033}.Release|Any CPU.ActiveCfg = Release|Any CPU
		{3851C788-15D6-412E-8C81-E29A2FA06033}.Release|Any CPU.Build.0 = Release|Any CPU
	EndGlobalSection
	GlobalSection(SolutionProperties) = preSolution
		HideSolutionNode = FALSE
	EndGlobalSection
EndGlobal
