
Microsoft Visual Studio Solution File, Format Version 12.00
# Visual Studio 14
VisualStudioVersion = 14.0.25420.1
MinimumVisualStudioVersion = 10.0.40219.1
Project("{FAE04EC0-301F-11D3-BF4B-00C04F79EFBC}") = "StubsMocks", "StubsMocks.csproj", "{C3470BDC-E9FD-45B6-902B-03E93353980F}"
EndProject
Project("{FAE04EC0-301F-11D3-BF4B-00C04F79EFBC}") = "StubsMocksTests", "..\StubsMocksTests\StubsMocksTests.csproj", "{D234C9A8-8E02-4BD1-A5B1-A3A19B3B9809}"
EndProject
Global
	GlobalSection(SolutionConfigurationPlatforms) = preSolution
		Debug|Any CPU = Debug|Any CPU
		Release|Any CPU = Release|Any CPU
	EndGlobalSection
	GlobalSection(ProjectConfigurationPlatforms) = postSolution
		{C3470BDC-E9FD-45B6-902B-03E93353980F}.Debug|Any CPU.ActiveCfg = Debug|Any CPU
		{C3470BDC-E9FD-45B6-902B-03E93353980F}.Debug|Any CPU.Build.0 = Debug|Any CPU
		{C3470BDC-E9FD-45B6-902B-03E93353980F}.Release|Any CPU.ActiveCfg = Release|Any CPU
		{C3470BDC-E9FD-45B6-902B-03E93353980F}.Release|Any CPU.Build.0 = Release|Any CPU
		{D234C9A8-8E02-4BD1-A5B1-A3A19B3B9809}.Debug|Any CPU.ActiveCfg = Debug|Any CPU
		{D234C9A8-8E02-4BD1-A5B1-A3A19B3B9809}.Debug|Any CPU.Build.0 = Debug|Any CPU
		{D234C9A8-8E02-4BD1-A5B1-A3A19B3B9809}.Release|Any CPU.ActiveCfg = Release|Any CPU
		{D234C9A8-8E02-4BD1-A5B1-A3A19B3B9809}.Release|Any CPU.Build.0 = Release|Any CPU
	EndGlobalSection
	GlobalSection(SolutionProperties) = preSolution
		HideSolutionNode = FALSE
	EndGlobalSection
EndGlobal
